<?xml version="1.0" encoding="UTF-8"?>
<Scheme
   version = "1.3">
   <BuildAction>
      <BuildActionEntries>
         <BuildActionEntry
            buildForRunning = "YES">
            <BuildableReference
               BuildableIdentifier = "primary"
               BlueprintIdentifier = "E4B69B5A0A3A1756003C02F2"
               BuildableName = "ConductrEnter.app"
               BlueprintName = "ConductrEnter"
               ReferencedContainer = "container:ConductrEnter.xcodeproj">
            </BuildableReference>
         </BuildActionEntry>
      </BuildActionEntries>
   </BuildAction>
   <LaunchAction
      useCustomWorkingDirectory = "NO"
      buildConfiguration = "Debug">
      <BuildableProductRunnable>
         <BuildableReference
            BuildableIdentifier = "primary"
            BlueprintIdentifier = "E4B69B5A0A3A1756003C02F2"
            BuildableName = "ConductrEnter.app"
            BlueprintName = "ConductrEnter"
            ReferencedContainer = "container:ConductrEnter.xcodeproj">
         </BuildableReference>
      </BuildableProductRunnable>
   </LaunchAction>
</Scheme>
